
Microsoft Visual Studio Solution File, Format Version 12.00
# Visual Studio Version 17
VisualStudioVersion = 17.13.35806.99 d17.13
MinimumVisualStudioVersion = 10.0.40219.1
Project("{FAE04EC0-301F-11D3-BF4B-00C04F79EFBC}") = "WebApi", "..\WebApi\WebApi.csproj", "{27407F0A-1360-46F6-BF1B-118752480004}"
EndProject
Project("{FAE04EC0-301F-11D3-BF4B-00C04F79EFBC}") = "DAL", "..\DAL\DAL.csproj", "{279135C5-CCB6-46BA-B36F-30BC2911BF82}"
EndProject
Project("{FAE04EC0-301F-11D3-BF4B-00C04F79EFBC}") = "CommonModels", "..\CommonModels\CommonModels.csproj", "{ECC01159-E97F-4972-B522-3890755D27CC}"
EndProject
Global
	GlobalSection(SolutionConfigurationPlatforms) = preSolution
		Debug|Any CPU = Debug|Any CPU
		Release|Any CPU = Release|Any CPU
	EndGlobalSection
	GlobalSection(ProjectConfigurationPlatforms) = postSolution
		{27407F0A-1360-46F6-BF1B-118752480004}.Debug|Any CPU.ActiveCfg = Debug|Any CPU
		{27407F0A-1360-46F6-BF1B-118752480004}.Debug|Any CPU.Build.0 = Debug|Any CPU
		{27407F0A-1360-46F6-BF1B-118752480004}.Release|Any CPU.ActiveCfg = Release|Any CPU
		{27407F0A-1360-46F6-BF1B-118752480004}.Release|Any CPU.Build.0 = Release|Any CPU
		{279135C5-CCB6-46BA-B36F-30BC2911BF82}.Debug|Any CPU.ActiveCfg = Debug|Any CPU
		{279135C5-CCB6-46BA-B36F-30BC2911BF82}.Debug|Any CPU.Build.0 = Debug|Any CPU
		{279135C5-CCB6-46BA-B36F-30BC2911BF82}.Release|Any CPU.ActiveCfg = Release|Any CPU
		{279135C5-CCB6-46BA-B36F-30BC2911BF82}.Release|Any CPU.Build.0 = Release|Any CPU
		{ECC01159-E97F-4972-B522-3890755D27CC}.Debug|Any CPU.ActiveCfg = Debug|Any CPU
		{ECC01159-E97F-4972-B522-3890755D27CC}.Debug|Any CPU.Build.0 = Debug|Any CPU
		{ECC01159-E97F-4972-B522-3890755D27CC}.Release|Any CPU.ActiveCfg = Release|Any CPU
		{ECC01159-E97F-4972-B522-3890755D27CC}.Release|Any CPU.Build.0 = Release|Any CPU
	EndGlobalSection
	GlobalSection(SolutionProperties) = preSolution
		HideSolutionNode = FALSE
	EndGlobalSection
	GlobalSection(ExtensibilityGlobals) = postSolution
		SolutionGuid = {8BB16C0E-E8B9-4E20-BEBE-3B792FE76150}
	EndGlobalSection
EndGlobal
